
Microsoft Visual Studio Solution File, Format Version 12.00
# Visual Studio 15
VisualStudioVersion = 15.0.28010.0
MinimumVisualStudioVersion = 10.0.40219.1
Project("{8BC9CEB8-8B4A-11D0-8D11-00A0C91BC942}") = "剑指 Offer 22. 链表中倒数第k个节点", "剑指 Offer 22. 链表中倒数第k个节点\剑指 Offer 22. 链表中倒数第k个节点.vcxproj", "{895747BF-A2C3-445C-9DB8-C29939D796ED}"
EndProject
Global
	GlobalSection(SolutionConfigurationPlatforms) = preSolution
		Debug|x64 = Debug|x64
		Debug|x86 = Debug|x86
		Release|x64 = Release|x64
		Release|x86 = Release|x86
	EndGlobalSection
	GlobalSection(ProjectConfigurationPlatforms) = postSolution
		{895747BF-A2C3-445C-9DB8-C29939D796ED}.Debug|x64.ActiveCfg = Debug|x64
		{895747BF-A2C3-445C-9DB8-C29939D796ED}.Debug|x64.Build.0 = Debug|x64
		{895747BF-A2C3-445C-9DB8-C29939D796ED}.Debug|x86.ActiveCfg = Debug|Win32
		{895747BF-A2C3-445C-9DB8-C29939D796ED}.Debug|x86.Build.0 = Debug|Win32
		{895747BF-A2C3-445C-9DB8-C29939D796ED}.Release|x64.ActiveCfg = Release|x64
		{895747BF-A2C3-445C-9DB8-C29939D796ED}.Release|x64.Build.0 = Release|x64
		{895747BF-A2C3-445C-9DB8-C29939D796ED}.Release|x86.ActiveCfg = Release|Win32
		{895747BF-A2C3-445C-9DB8-C29939D796ED}.Release|x86.Build.0 = Release|Win32
	EndGlobalSection
	GlobalSection(SolutionProperties) = preSolution
		HideSolutionNode = FALSE
	EndGlobalSection
	GlobalSection(ExtensibilityGlobals) = postSolution
		SolutionGuid = {4E30339B-EADC-46A8-AA0D-81AE6FD9F472}
	EndGlobalSection
EndGlobal
