
Microsoft Visual Studio Solution File, Format Version 12.00
# Visual Studio 15
VisualStudioVersion = 15.0.28010.0
MinimumVisualStudioVersion = 10.0.40219.1
Project("{8BC9CEB8-8B4A-11D0-8D11-00A0C91BC942}") = "剑指 Offer 13. 机器人的运动范围", "剑指 Offer 13. 机器人的运动范围\剑指 Offer 13. 机器人的运动范围.vcxproj", "{65B50A38-7528-4ADE-93CA-137B558655AE}"
EndProject
Global
	GlobalSection(SolutionConfigurationPlatforms) = preSolution
		Debug|x64 = Debug|x64
		Debug|x86 = Debug|x86
		Release|x64 = Release|x64
		Release|x86 = Release|x86
	EndGlobalSection
	GlobalSection(ProjectConfigurationPlatforms) = postSolution
		{65B50A38-7528-4ADE-93CA-137B558655AE}.Debug|x64.ActiveCfg = Debug|x64
		{65B50A38-7528-4ADE-93CA-137B558655AE}.Debug|x64.Build.0 = Debug|x64
		{65B50A38-7528-4ADE-93CA-137B558655AE}.Debug|x86.ActiveCfg = Debug|Win32
		{65B50A38-7528-4ADE-93CA-137B558655AE}.Debug|x86.Build.0 = Debug|Win32
		{65B50A38-7528-4ADE-93CA-137B558655AE}.Release|x64.ActiveCfg = Release|x64
		{65B50A38-7528-4ADE-93CA-137B558655AE}.Release|x64.Build.0 = Release|x64
		{65B50A38-7528-4ADE-93CA-137B558655AE}.Release|x86.ActiveCfg = Release|Win32
		{65B50A38-7528-4ADE-93CA-137B558655AE}.Release|x86.Build.0 = Release|Win32
	EndGlobalSection
	GlobalSection(SolutionProperties) = preSolution
		HideSolutionNode = FALSE
	EndGlobalSection
	GlobalSection(ExtensibilityGlobals) = postSolution
		SolutionGuid = {A23AE205-3263-4AAF-86A1-D1CAD1846D22}
	EndGlobalSection
EndGlobal
