
Microsoft Visual Studio Solution File, Format Version 12.00
# Visual Studio 15
VisualStudioVersion = 15.0.28010.0
MinimumVisualStudioVersion = 10.0.40219.1
Project("{8BC9CEB8-8B4A-11D0-8D11-00A0C91BC942}") = "largest1BorderedSquare", "largest1BorderedSquare\largest1BorderedSquare.vcxproj", "{3B1A8DC6-54C0-4D3B-982A-F590AD60E5BC}"
EndProject
Global
	GlobalSection(SolutionConfigurationPlatforms) = preSolution
		Debug|x64 = Debug|x64
		Debug|x86 = Debug|x86
		Release|x64 = Release|x64
		Release|x86 = Release|x86
	EndGlobalSection
	GlobalSection(ProjectConfigurationPlatforms) = postSolution
		{3B1A8DC6-54C0-4D3B-982A-F590AD60E5BC}.Debug|x64.ActiveCfg = Debug|x64
		{3B1A8DC6-54C0-4D3B-982A-F590AD60E5BC}.Debug|x64.Build.0 = Debug|x64
		{3B1A8DC6-54C0-4D3B-982A-F590AD60E5BC}.Debug|x86.ActiveCfg = Debug|Win32
		{3B1A8DC6-54C0-4D3B-982A-F590AD60E5BC}.Debug|x86.Build.0 = Debug|Win32
		{3B1A8DC6-54C0-4D3B-982A-F590AD60E5BC}.Release|x64.ActiveCfg = Release|x64
		{3B1A8DC6-54C0-4D3B-982A-F590AD60E5BC}.Release|x64.Build.0 = Release|x64
		{3B1A8DC6-54C0-4D3B-982A-F590AD60E5BC}.Release|x86.ActiveCfg = Release|Win32
		{3B1A8DC6-54C0-4D3B-982A-F590AD60E5BC}.Release|x86.Build.0 = Release|Win32
	EndGlobalSection
	GlobalSection(SolutionProperties) = preSolution
		HideSolutionNode = FALSE
	EndGlobalSection
	GlobalSection(ExtensibilityGlobals) = postSolution
		SolutionGuid = {E8AC6A4E-8B1C-41A7-B4CC-5C4B048DA85C}
	EndGlobalSection
EndGlobal
