
Microsoft Visual Studio Solution File, Format Version 12.00
# Visual Studio 15
VisualStudioVersion = 15.0.28010.0
MinimumVisualStudioVersion = 10.0.40219.1
Project("{8BC9CEB8-8B4A-11D0-8D11-00A0C91BC942}") = "剑指 Offer 14- I. 剪绳子", "剑指 Offer 14- I. 剪绳子\剑指 Offer 14- I. 剪绳子.vcxproj", "{18E18EDE-B7E9-4BBE-A6BB-331530A27058}"
EndProject
Global
	GlobalSection(SolutionConfigurationPlatforms) = preSolution
		Debug|x64 = Debug|x64
		Debug|x86 = Debug|x86
		Release|x64 = Release|x64
		Release|x86 = Release|x86
	EndGlobalSection
	GlobalSection(ProjectConfigurationPlatforms) = postSolution
		{18E18EDE-B7E9-4BBE-A6BB-331530A27058}.Debug|x64.ActiveCfg = Debug|x64
		{18E18EDE-B7E9-4BBE-A6BB-331530A27058}.Debug|x64.Build.0 = Debug|x64
		{18E18EDE-B7E9-4BBE-A6BB-331530A27058}.Debug|x86.ActiveCfg = Debug|Win32
		{18E18EDE-B7E9-4BBE-A6BB-331530A27058}.Debug|x86.Build.0 = Debug|Win32
		{18E18EDE-B7E9-4BBE-A6BB-331530A27058}.Release|x64.ActiveCfg = Release|x64
		{18E18EDE-B7E9-4BBE-A6BB-331530A27058}.Release|x64.Build.0 = Release|x64
		{18E18EDE-B7E9-4BBE-A6BB-331530A27058}.Release|x86.ActiveCfg = Release|Win32
		{18E18EDE-B7E9-4BBE-A6BB-331530A27058}.Release|x86.Build.0 = Release|Win32
	EndGlobalSection
	GlobalSection(SolutionProperties) = preSolution
		HideSolutionNode = FALSE
	EndGlobalSection
	GlobalSection(ExtensibilityGlobals) = postSolution
		SolutionGuid = {9950B5F5-65A2-453D-A660-0612AEFD1313}
	EndGlobalSection
EndGlobal
