
Microsoft Visual Studio Solution File, Format Version 12.00
# Visual Studio 15
VisualStudioVersion = 15.0.28010.0
MinimumVisualStudioVersion = 10.0.40219.1
Project("{8BC9CEB8-8B4A-11D0-8D11-00A0C91BC942}") = "733. 图像渲染", "733. 图像渲染\733. 图像渲染.vcxproj", "{7DDC2DE1-A48C-42AF-A363-257AA2FBF3DB}"
EndProject
Global
	GlobalSection(SolutionConfigurationPlatforms) = preSolution
		Debug|x64 = Debug|x64
		Debug|x86 = Debug|x86
		Release|x64 = Release|x64
		Release|x86 = Release|x86
	EndGlobalSection
	GlobalSection(ProjectConfigurationPlatforms) = postSolution
		{7DDC2DE1-A48C-42AF-A363-257AA2FBF3DB}.Debug|x64.ActiveCfg = Debug|x64
		{7DDC2DE1-A48C-42AF-A363-257AA2FBF3DB}.Debug|x64.Build.0 = Debug|x64
		{7DDC2DE1-A48C-42AF-A363-257AA2FBF3DB}.Debug|x86.ActiveCfg = Debug|Win32
		{7DDC2DE1-A48C-42AF-A363-257AA2FBF3DB}.Debug|x86.Build.0 = Debug|Win32
		{7DDC2DE1-A48C-42AF-A363-257AA2FBF3DB}.Release|x64.ActiveCfg = Release|x64
		{7DDC2DE1-A48C-42AF-A363-257AA2FBF3DB}.Release|x64.Build.0 = Release|x64
		{7DDC2DE1-A48C-42AF-A363-257AA2FBF3DB}.Release|x86.ActiveCfg = Release|Win32
		{7DDC2DE1-A48C-42AF-A363-257AA2FBF3DB}.Release|x86.Build.0 = Release|Win32
	EndGlobalSection
	GlobalSection(SolutionProperties) = preSolution
		HideSolutionNode = FALSE
	EndGlobalSection
	GlobalSection(ExtensibilityGlobals) = postSolution
		SolutionGuid = {C3C1E8BA-7C56-46E7-9437-7D5DC8634149}
	EndGlobalSection
EndGlobal
