
Microsoft Visual Studio Solution File, Format Version 12.00
# Visual Studio 15
VisualStudioVersion = 15.0.28010.0
MinimumVisualStudioVersion = 10.0.40219.1
Project("{8BC9CEB8-8B4A-11D0-8D11-00A0C91BC942}") = "47. 全排列 II", "47. 全排列 II\47. 全排列 II.vcxproj", "{D841E6A6-B23D-4FFC-9B9B-300805956090}"
EndProject
Global
	GlobalSection(SolutionConfigurationPlatforms) = preSolution
		Debug|x64 = Debug|x64
		Debug|x86 = Debug|x86
		Release|x64 = Release|x64
		Release|x86 = Release|x86
	EndGlobalSection
	GlobalSection(ProjectConfigurationPlatforms) = postSolution
		{D841E6A6-B23D-4FFC-9B9B-300805956090}.Debug|x64.ActiveCfg = Debug|x64
		{D841E6A6-B23D-4FFC-9B9B-300805956090}.Debug|x64.Build.0 = Debug|x64
		{D841E6A6-B23D-4FFC-9B9B-300805956090}.Debug|x86.ActiveCfg = Debug|Win32
		{D841E6A6-B23D-4FFC-9B9B-300805956090}.Debug|x86.Build.0 = Debug|Win32
		{D841E6A6-B23D-4FFC-9B9B-300805956090}.Release|x64.ActiveCfg = Release|x64
		{D841E6A6-B23D-4FFC-9B9B-300805956090}.Release|x64.Build.0 = Release|x64
		{D841E6A6-B23D-4FFC-9B9B-300805956090}.Release|x86.ActiveCfg = Release|Win32
		{D841E6A6-B23D-4FFC-9B9B-300805956090}.Release|x86.Build.0 = Release|Win32
	EndGlobalSection
	GlobalSection(SolutionProperties) = preSolution
		HideSolutionNode = FALSE
	EndGlobalSection
	GlobalSection(ExtensibilityGlobals) = postSolution
		SolutionGuid = {8E3ECACB-4930-4894-A4A6-FF0680583579}
	EndGlobalSection
EndGlobal
