
Microsoft Visual Studio Solution File, Format Version 12.00
# Visual Studio 15
VisualStudioVersion = 15.0.28010.0
MinimumVisualStudioVersion = 10.0.40219.1
Project("{8BC9CEB8-8B4A-11D0-8D11-00A0C91BC942}") = "剑指 Offer 18. 删除链表的节点", "剑指 Offer 18. 删除链表的节点\剑指 Offer 18. 删除链表的节点.vcxproj", "{F28B29AB-B727-4C75-B1EA-0F1CAC130A6F}"
EndProject
Global
	GlobalSection(SolutionConfigurationPlatforms) = preSolution
		Debug|x64 = Debug|x64
		Debug|x86 = Debug|x86
		Release|x64 = Release|x64
		Release|x86 = Release|x86
	EndGlobalSection
	GlobalSection(ProjectConfigurationPlatforms) = postSolution
		{F28B29AB-B727-4C75-B1EA-0F1CAC130A6F}.Debug|x64.ActiveCfg = Debug|x64
		{F28B29AB-B727-4C75-B1EA-0F1CAC130A6F}.Debug|x64.Build.0 = Debug|x64
		{F28B29AB-B727-4C75-B1EA-0F1CAC130A6F}.Debug|x86.ActiveCfg = Debug|Win32
		{F28B29AB-B727-4C75-B1EA-0F1CAC130A6F}.Debug|x86.Build.0 = Debug|Win32
		{F28B29AB-B727-4C75-B1EA-0F1CAC130A6F}.Release|x64.ActiveCfg = Release|x64
		{F28B29AB-B727-4C75-B1EA-0F1CAC130A6F}.Release|x64.Build.0 = Release|x64
		{F28B29AB-B727-4C75-B1EA-0F1CAC130A6F}.Release|x86.ActiveCfg = Release|Win32
		{F28B29AB-B727-4C75-B1EA-0F1CAC130A6F}.Release|x86.Build.0 = Release|Win32
	EndGlobalSection
	GlobalSection(SolutionProperties) = preSolution
		HideSolutionNode = FALSE
	EndGlobalSection
	GlobalSection(ExtensibilityGlobals) = postSolution
		SolutionGuid = {52DD5E08-95BE-403A-9783-1C2A54A9FE89}
	EndGlobalSection
EndGlobal
