
Microsoft Visual Studio Solution File, Format Version 12.00
# Visual Studio 15
VisualStudioVersion = 15.0.28010.0
MinimumVisualStudioVersion = 10.0.40219.1
Project("{8BC9CEB8-8B4A-11D0-8D11-00A0C91BC942}") = "剑指Offer03_数组中重复的数字", "剑指Offer03_数组中重复的数字\剑指Offer03_数组中重复的数字.vcxproj", "{D32E46FB-7616-44C5-ACA4-44AE4378F714}"
EndProject
Global
	GlobalSection(SolutionConfigurationPlatforms) = preSolution
		Debug|x64 = Debug|x64
		Debug|x86 = Debug|x86
		Release|x64 = Release|x64
		Release|x86 = Release|x86
	EndGlobalSection
	GlobalSection(ProjectConfigurationPlatforms) = postSolution
		{D32E46FB-7616-44C5-ACA4-44AE4378F714}.Debug|x64.ActiveCfg = Debug|x64
		{D32E46FB-7616-44C5-ACA4-44AE4378F714}.Debug|x64.Build.0 = Debug|x64
		{D32E46FB-7616-44C5-ACA4-44AE4378F714}.Debug|x86.ActiveCfg = Debug|Win32
		{D32E46FB-7616-44C5-ACA4-44AE4378F714}.Debug|x86.Build.0 = Debug|Win32
		{D32E46FB-7616-44C5-ACA4-44AE4378F714}.Release|x64.ActiveCfg = Release|x64
		{D32E46FB-7616-44C5-ACA4-44AE4378F714}.Release|x64.Build.0 = Release|x64
		{D32E46FB-7616-44C5-ACA4-44AE4378F714}.Release|x86.ActiveCfg = Release|Win32
		{D32E46FB-7616-44C5-ACA4-44AE4378F714}.Release|x86.Build.0 = Release|Win32
	EndGlobalSection
	GlobalSection(SolutionProperties) = preSolution
		HideSolutionNode = FALSE
	EndGlobalSection
	GlobalSection(ExtensibilityGlobals) = postSolution
		SolutionGuid = {6F7F48F5-9F73-4162-B67A-8B548C95B0D0}
	EndGlobalSection
EndGlobal
