
Microsoft Visual Studio Solution File, Format Version 12.00
# Visual Studio 15
VisualStudioVersion = 15.0.28010.0
MinimumVisualStudioVersion = 10.0.40219.1
Project("{8BC9CEB8-8B4A-11D0-8D11-00A0C91BC942}") = "剑指 Offer 15. 二进制中1的个数", "剑指 Offer 15. 二进制中1的个数\剑指 Offer 15. 二进制中1的个数.vcxproj", "{846ADBF9-7711-4347-B65D-54F64D2D2939}"
EndProject
Global
	GlobalSection(SolutionConfigurationPlatforms) = preSolution
		Debug|x64 = Debug|x64
		Debug|x86 = Debug|x86
		Release|x64 = Release|x64
		Release|x86 = Release|x86
	EndGlobalSection
	GlobalSection(ProjectConfigurationPlatforms) = postSolution
		{846ADBF9-7711-4347-B65D-54F64D2D2939}.Debug|x64.ActiveCfg = Debug|x64
		{846ADBF9-7711-4347-B65D-54F64D2D2939}.Debug|x64.Build.0 = Debug|x64
		{846ADBF9-7711-4347-B65D-54F64D2D2939}.Debug|x86.ActiveCfg = Debug|Win32
		{846ADBF9-7711-4347-B65D-54F64D2D2939}.Debug|x86.Build.0 = Debug|Win32
		{846ADBF9-7711-4347-B65D-54F64D2D2939}.Release|x64.ActiveCfg = Release|x64
		{846ADBF9-7711-4347-B65D-54F64D2D2939}.Release|x64.Build.0 = Release|x64
		{846ADBF9-7711-4347-B65D-54F64D2D2939}.Release|x86.ActiveCfg = Release|Win32
		{846ADBF9-7711-4347-B65D-54F64D2D2939}.Release|x86.Build.0 = Release|Win32
	EndGlobalSection
	GlobalSection(SolutionProperties) = preSolution
		HideSolutionNode = FALSE
	EndGlobalSection
	GlobalSection(ExtensibilityGlobals) = postSolution
		SolutionGuid = {7E351705-47BE-4B77-BEDD-F9137B33A2D6}
	EndGlobalSection
EndGlobal
