
Microsoft Visual Studio Solution File, Format Version 12.00
# Visual Studio 15
VisualStudioVersion = 15.0.28010.0
MinimumVisualStudioVersion = 10.0.40219.1
Project("{8BC9CEB8-8B4A-11D0-8D11-00A0C91BC942}") = "46. 全排列", "46. 全排列\46. 全排列.vcxproj", "{1276821C-DEF4-492D-AEB2-0B554684FB1B}"
EndProject
Global
	GlobalSection(SolutionConfigurationPlatforms) = preSolution
		Debug|x64 = Debug|x64
		Debug|x86 = Debug|x86
		Release|x64 = Release|x64
		Release|x86 = Release|x86
	EndGlobalSection
	GlobalSection(ProjectConfigurationPlatforms) = postSolution
		{1276821C-DEF4-492D-AEB2-0B554684FB1B}.Debug|x64.ActiveCfg = Debug|x64
		{1276821C-DEF4-492D-AEB2-0B554684FB1B}.Debug|x64.Build.0 = Debug|x64
		{1276821C-DEF4-492D-AEB2-0B554684FB1B}.Debug|x86.ActiveCfg = Debug|Win32
		{1276821C-DEF4-492D-AEB2-0B554684FB1B}.Debug|x86.Build.0 = Debug|Win32
		{1276821C-DEF4-492D-AEB2-0B554684FB1B}.Release|x64.ActiveCfg = Release|x64
		{1276821C-DEF4-492D-AEB2-0B554684FB1B}.Release|x64.Build.0 = Release|x64
		{1276821C-DEF4-492D-AEB2-0B554684FB1B}.Release|x86.ActiveCfg = Release|Win32
		{1276821C-DEF4-492D-AEB2-0B554684FB1B}.Release|x86.Build.0 = Release|Win32
	EndGlobalSection
	GlobalSection(SolutionProperties) = preSolution
		HideSolutionNode = FALSE
	EndGlobalSection
	GlobalSection(ExtensibilityGlobals) = postSolution
		SolutionGuid = {C88C0533-D01F-4822-93C4-946A6A4A019C}
	EndGlobalSection
EndGlobal
